{
  "object": {
    "pins": [
      {
        "package": "ViewControllerModalRecorder",
        "repositoryURL": "https://github.com/dasdom/ViewControllerModalRecorder.git",
        "state": {
          "branch": null,
          "revision": "70439dcc9418e009594c48b294a802e46909e4eb",
          "version": "0.9.1"
        }
      },
      {
        "package": "ViewInspector",
        "repositoryURL": "https://github.com/nalexn/ViewInspector.git",
        "state": {
          "branch": null,
          "revision": "0d546878902bdde8c4682141f848a9dc44e04ba6",
          "version": "0.9.0"
        }
      }
    ]
  },
  "version": 1
}
