{
  "object": {
    "pins": [
      {
        "package": "ViewControllerModalRecorder",
        "repositoryURL": "https://github.com/dasdom/ViewControllerModalRecorder.git",
        "state": {
          "branch": null,
          "revision": "716a83d110a1fa64303ba97efd073b759b26d078",
          "version": "0.9.0"
        }
      },
      {
        "package": "ViewInspector",
        "repositoryURL": "https://github.com/nalexn/ViewInspector.git",
        "state": {
          "branch": null,
          "revision": "a9b0d2af51b8afbbcb6a3e1005aabf8726852a77",
          "version": "0.8.1"
        }
      }
    ]
  },
  "version": 1
}
