// !$*UTF8*$!
{
	archiveVersion = 1;
	classes = {
	};
	objectVersion = 52;
	objects = {

/* Begin PBXBuildFile section */
		F23D034C273EA8A500F723D3 /* EventsListView.swift in Sources */ = {isa = PBXBuildFile; fileRef = F23D034B273EA8A500F723D3 /* EventsListView.swift */; };
		F23D034E273EABE800F723D3 /* UIViewExtension.swift in Sources */ = {isa = PBXBuildFile; fileRef = F23D034D273EABE800F723D3 /* UIViewExtension.swift */; };
		F23D0356273F025900F723D3 /* WidgetKit.framework in Frameworks */ = {isa = PBXBuildFile; fileRef = F23D0355273F025900F723D3 /* WidgetKit.framework */; };
		F23D0358273F025900F723D3 /* SwiftUI.framework in Frameworks */ = {isa = PBXBuildFile; fileRef = F23D0357273F025900F723D3 /* SwiftUI.framework */; };
		F23D035B273F025900F723D3 /* fourtytwodaysextension.swift in Sources */ = {isa = PBXBuildFile; fileRef = F23D035A273F025900F723D3 /* fourtytwodaysextension.swift */; };
		F23D035D273F025A00F723D3 /* Assets.xcassets in Resources */ = {isa = PBXBuildFile; fileRef = F23D035C273F025A00F723D3 /* Assets.xcassets */; };
		F23D0361273F025A00F723D3 /* fourtytwodaysextensionExtension.appex in Embed App Extensions */ = {isa = PBXBuildFile; fileRef = F23D0353273F025900F723D3 /* fourtytwodaysextensionExtension.appex */; settings = {ATTRIBUTES = (RemoveHeadersOnCopy, ); }; };
		F2721CB426C9A6440020B48C /* AppDelegate.swift in Sources */ = {isa = PBXBuildFile; fileRef = F2721CB326C9A6440020B48C /* AppDelegate.swift */; };
		F2721CB626C9A6440020B48C /* SceneDelegate.swift in Sources */ = {isa = PBXBuildFile; fileRef = F2721CB526C9A6440020B48C /* SceneDelegate.swift */; };
		F2721CBD26C9A6440020B48C /* Assets.xcassets in Resources */ = {isa = PBXBuildFile; fileRef = F2721CBC26C9A6440020B48C /* Assets.xcassets */; };
		F2721CC026C9A6440020B48C /* LaunchScreen.storyboard in Resources */ = {isa = PBXBuildFile; fileRef = F2721CBE26C9A6440020B48C /* LaunchScreen.storyboard */; };
		F2721CC826C9A65B0020B48C /* Event.swift in Sources */ = {isa = PBXBuildFile; fileRef = F2721CC726C9A65B0020B48C /* Event.swift */; };
		F2721CCB26C9A6970020B48C /* EventStore.swift in Sources */ = {isa = PBXBuildFile; fileRef = F2721CCA26C9A6970020B48C /* EventStore.swift */; };
		F2721CCD26C9A7580020B48C /* FileManagerExtension.swift in Sources */ = {isa = PBXBuildFile; fileRef = F2721CCC26C9A7580020B48C /* FileManagerExtension.swift */; };
		F2721CDE26CA332C0020B48C /* EventStoreTests.swift in Sources */ = {isa = PBXBuildFile; fileRef = F2721CDD26CA332C0020B48C /* EventStoreTests.swift */; };
		F2721CEF26CD9C3A0020B48C /* EventsListViewControllerTests.swift in Sources */ = {isa = PBXBuildFile; fileRef = F2721CEE26CD9C3A0020B48C /* EventsListViewControllerTests.swift */; };
		F2721CF226CD9CA80020B48C /* EventsListViewController.swift in Sources */ = {isa = PBXBuildFile; fileRef = F2721CF126CD9CA80020B48C /* EventsListViewController.swift */; };
		F2721CF526CEA01F0020B48C /* EventStoreProtocolMock.swift in Sources */ = {isa = PBXBuildFile; fileRef = F2721CF426CEA01F0020B48C /* EventStoreProtocolMock.swift */; };
		F2721CF726CEA4380020B48C /* EventCell.swift in Sources */ = {isa = PBXBuildFile; fileRef = F2721CF626CEA4380020B48C /* EventCell.swift */; };
		F2721CF926CEB4DE0020B48C /* EventCellTests.swift in Sources */ = {isa = PBXBuildFile; fileRef = F2721CF826CEB4DE0020B48C /* EventCellTests.swift */; };
		F29E39A826D435E0001C8B40 /* EventInputViewTests.swift in Sources */ = {isa = PBXBuildFile; fileRef = F29E39A726D435E0001C8B40 /* EventInputViewTests.swift */; };
		F29E39AC26D4364A001C8B40 /* ViewInspector in Frameworks */ = {isa = PBXBuildFile; productRef = F29E39AB26D4364A001C8B40 /* ViewInspector */; };
		F29E39AE26D4368C001C8B40 /* EventInputView.swift in Sources */ = {isa = PBXBuildFile; fileRef = F29E39AD26D4368C001C8B40 /* EventInputView.swift */; };
		F29E39B126D548F1001C8B40 /* EventInputViewDelegateMock.swift in Sources */ = {isa = PBXBuildFile; fileRef = F29E39B026D548F1001C8B40 /* EventInputViewDelegateMock.swift */; };
		F29E39B426D6A085001C8B40 /* ViewControllerModalRecorder in Frameworks */ = {isa = PBXBuildFile; productRef = F29E39B326D6A085001C8B40 /* ViewControllerModalRecorder */; };
		F29E39B626D6A0FF001C8B40 /* EventsCoordinatorTests.swift in Sources */ = {isa = PBXBuildFile; fileRef = F29E39B526D6A0FF001C8B40 /* EventsCoordinatorTests.swift */; };
		F29E39B926D6A171001C8B40 /* EventsCoordinator.swift in Sources */ = {isa = PBXBuildFile; fileRef = F29E39B826D6A171001C8B40 /* EventsCoordinator.swift */; };
		F29E39BB26D6A193001C8B40 /* Coordinator.swift in Sources */ = {isa = PBXBuildFile; fileRef = F29E39BA26D6A193001C8B40 /* Coordinator.swift */; };
		F29E39BD26D7ECCD001C8B40 /* EventsListViewControllerDelegateMock.swift in Sources */ = {isa = PBXBuildFile; fileRef = F29E39BC26D7ECCD001C8B40 /* EventsListViewControllerDelegateMock.swift */; };
		F2C078DC273F10FE00A92A24 /* FileManagerExtension.swift in Sources */ = {isa = PBXBuildFile; fileRef = F2721CCC26C9A7580020B48C /* FileManagerExtension.swift */; };
		F2C078DE273F13B400A92A24 /* EventsListView.swift in Sources */ = {isa = PBXBuildFile; fileRef = F2C078DD273F13B400A92A24 /* EventsListView.swift */; };
		F2C078DF273F13E700A92A24 /* Event.swift in Sources */ = {isa = PBXBuildFile; fileRef = F2721CC726C9A65B0020B48C /* Event.swift */; };
		F2C078E0273F13ED00A92A24 /* EventStore.swift in Sources */ = {isa = PBXBuildFile; fileRef = F2721CCA26C9A6970020B48C /* EventStore.swift */; };
		F2C078E2273F144000A92A24 /* EventView.swift in Sources */ = {isa = PBXBuildFile; fileRef = F2C078E1273F144000A92A24 /* EventView.swift */; };
/* End PBXBuildFile section */

/* Begin PBXContainerItemProxy section */
		F23D035F273F025A00F723D3 /* PBXContainerItemProxy */ = {
			isa = PBXContainerItemProxy;
			containerPortal = F2721CA826C9A6440020B48C /* Project object */;
			proxyType = 1;
			remoteGlobalIDString = F23D0352273F025900F723D3;
			remoteInfo = fourtytwodaysextensionExtension;
		};
		F2721CD826CA31E30020B48C /* PBXContainerItemProxy */ = {
			isa = PBXContainerItemProxy;
			containerPortal = F2721CA826C9A6440020B48C /* Project object */;
			proxyType = 1;
			remoteGlobalIDString = F2721CAF26C9A6440020B48C;
			remoteInfo = DaysLeft;
		};
/* End PBXContainerItemProxy section */

/* Begin PBXCopyFilesBuildPhase section */
		F23D0365273F025A00F723D3 /* Embed App Extensions */ = {
			isa = PBXCopyFilesBuildPhase;
			buildActionMask = 2147483647;
			dstPath = "";
			dstSubfolderSpec = 13;
			files = (
				F23D0361273F025A00F723D3 /* fourtytwodaysextensionExtension.appex in Embed App Extensions */,
			);
			name = "Embed App Extensions";
			runOnlyForDeploymentPostprocessing = 0;
		};
/* End PBXCopyFilesBuildPhase section */

/* Begin PBXFileReference section */
		F23D034B273EA8A500F723D3 /* EventsListView.swift */ = {isa = PBXFileReference; lastKnownFileType = sourcecode.swift; path = EventsListView.swift; sourceTree = "<group>"; };
		F23D034D273EABE800F723D3 /* UIViewExtension.swift */ = {isa = PBXFileReference; lastKnownFileType = sourcecode.swift; path = UIViewExtension.swift; sourceTree = "<group>"; };
		F23D0353273F025900F723D3 /* fourtytwodaysextensionExtension.appex */ = {isa = PBXFileReference; explicitFileType = "wrapper.app-extension"; includeInIndex = 0; path = fourtytwodaysextensionExtension.appex; sourceTree = BUILT_PRODUCTS_DIR; };
		F23D0355273F025900F723D3 /* WidgetKit.framework */ = {isa = PBXFileReference; lastKnownFileType = wrapper.framework; name = WidgetKit.framework; path = System/Library/Frameworks/WidgetKit.framework; sourceTree = SDKROOT; };
		F23D0357273F025900F723D3 /* SwiftUI.framework */ = {isa = PBXFileReference; lastKnownFileType = wrapper.framework; name = SwiftUI.framework; path = System/Library/Frameworks/SwiftUI.framework; sourceTree = SDKROOT; };
		F23D035A273F025900F723D3 /* fourtytwodaysextension.swift */ = {isa = PBXFileReference; lastKnownFileType = sourcecode.swift; path = fourtytwodaysextension.swift; sourceTree = "<group>"; };
		F23D035C273F025A00F723D3 /* Assets.xcassets */ = {isa = PBXFileReference; lastKnownFileType = folder.assetcatalog; path = Assets.xcassets; sourceTree = "<group>"; };
		F23D035E273F025A00F723D3 /* Info.plist */ = {isa = PBXFileReference; lastKnownFileType = text.plist.xml; path = Info.plist; sourceTree = "<group>"; };
		F23D0366273F0FE000F723D3 /* fourtytwodaysextensionExtension.entitlements */ = {isa = PBXFileReference; lastKnownFileType = text.plist.entitlements; path = fourtytwodaysextensionExtension.entitlements; sourceTree = "<group>"; };
		F23D0367273F104600F723D3 /* fourtytwodays.entitlements */ = {isa = PBXFileReference; lastKnownFileType = text.plist.entitlements; path = fourtytwodays.entitlements; sourceTree = "<group>"; };
		F2721CB026C9A6440020B48C /* fourtytwodays.app */ = {isa = PBXFileReference; explicitFileType = wrapper.application; includeInIndex = 0; path = fourtytwodays.app; sourceTree = BUILT_PRODUCTS_DIR; };
		F2721CB326C9A6440020B48C /* AppDelegate.swift */ = {isa = PBXFileReference; lastKnownFileType = sourcecode.swift; path = AppDelegate.swift; sourceTree = "<group>"; };
		F2721CB526C9A6440020B48C /* SceneDelegate.swift */ = {isa = PBXFileReference; lastKnownFileType = sourcecode.swift; path = SceneDelegate.swift; sourceTree = "<group>"; };
		F2721CBC26C9A6440020B48C /* Assets.xcassets */ = {isa = PBXFileReference; lastKnownFileType = folder.assetcatalog; path = Assets.xcassets; sourceTree = "<group>"; };
		F2721CBF26C9A6440020B48C /* Base */ = {isa = PBXFileReference; lastKnownFileType = file.storyboard; name = Base; path = Base.lproj/LaunchScreen.storyboard; sourceTree = "<group>"; };
		F2721CC126C9A6440020B48C /* Info.plist */ = {isa = PBXFileReference; lastKnownFileType = text.plist.xml; path = Info.plist; sourceTree = "<group>"; };
		F2721CC726C9A65B0020B48C /* Event.swift */ = {isa = PBXFileReference; lastKnownFileType = sourcecode.swift; path = Event.swift; sourceTree = "<group>"; };
		F2721CCA26C9A6970020B48C /* EventStore.swift */ = {isa = PBXFileReference; lastKnownFileType = sourcecode.swift; path = EventStore.swift; sourceTree = "<group>"; };
		F2721CCC26C9A7580020B48C /* FileManagerExtension.swift */ = {isa = PBXFileReference; fileEncoding = 4; lastKnownFileType = sourcecode.swift; path = FileManagerExtension.swift; sourceTree = "<group>"; };
		F2721CD326CA31E30020B48C /* fourtytwodaysTests.xctest */ = {isa = PBXFileReference; explicitFileType = wrapper.cfbundle; includeInIndex = 0; path = fourtytwodaysTests.xctest; sourceTree = BUILT_PRODUCTS_DIR; };
		F2721CD726CA31E30020B48C /* Info.plist */ = {isa = PBXFileReference; lastKnownFileType = text.plist.xml; path = Info.plist; sourceTree = "<group>"; };
		F2721CDD26CA332C0020B48C /* EventStoreTests.swift */ = {isa = PBXFileReference; lastKnownFileType = sourcecode.swift; path = EventStoreTests.swift; sourceTree = "<group>"; };
		F2721CEE26CD9C3A0020B48C /* EventsListViewControllerTests.swift */ = {isa = PBXFileReference; lastKnownFileType = sourcecode.swift; path = EventsListViewControllerTests.swift; sourceTree = "<group>"; };
		F2721CF126CD9CA80020B48C /* EventsListViewController.swift */ = {isa = PBXFileReference; lastKnownFileType = sourcecode.swift; path = EventsListViewController.swift; sourceTree = "<group>"; };
		F2721CF426CEA01F0020B48C /* EventStoreProtocolMock.swift */ = {isa = PBXFileReference; lastKnownFileType = sourcecode.swift; path = EventStoreProtocolMock.swift; sourceTree = "<group>"; };
		F2721CF626CEA4380020B48C /* EventCell.swift */ = {isa = PBXFileReference; lastKnownFileType = sourcecode.swift; path = EventCell.swift; sourceTree = "<group>"; };
		F2721CF826CEB4DE0020B48C /* EventCellTests.swift */ = {isa = PBXFileReference; lastKnownFileType = sourcecode.swift; path = EventCellTests.swift; sourceTree = "<group>"; };
		F29E39A726D435E0001C8B40 /* EventInputViewTests.swift */ = {isa = PBXFileReference; lastKnownFileType = sourcecode.swift; path = EventInputViewTests.swift; sourceTree = "<group>"; };
		F29E39AD26D4368C001C8B40 /* EventInputView.swift */ = {isa = PBXFileReference; lastKnownFileType = sourcecode.swift; path = EventInputView.swift; sourceTree = "<group>"; };
		F29E39B026D548F1001C8B40 /* EventInputViewDelegateMock.swift */ = {isa = PBXFileReference; lastKnownFileType = sourcecode.swift; path = EventInputViewDelegateMock.swift; sourceTree = "<group>"; };
		F29E39B526D6A0FF001C8B40 /* EventsCoordinatorTests.swift */ = {isa = PBXFileReference; lastKnownFileType = sourcecode.swift; path = EventsCoordinatorTests.swift; sourceTree = "<group>"; };
		F29E39B826D6A171001C8B40 /* EventsCoordinator.swift */ = {isa = PBXFileReference; lastKnownFileType = sourcecode.swift; path = EventsCoordinator.swift; sourceTree = "<group>"; };
		F29E39BA26D6A193001C8B40 /* Coordinator.swift */ = {isa = PBXFileReference; lastKnownFileType = sourcecode.swift; path = Coordinator.swift; sourceTree = "<group>"; };
		F29E39BC26D7ECCD001C8B40 /* EventsListViewControllerDelegateMock.swift */ = {isa = PBXFileReference; lastKnownFileType = sourcecode.swift; path = EventsListViewControllerDelegateMock.swift; sourceTree = "<group>"; };
		F2C078DD273F13B400A92A24 /* EventsListView.swift */ = {isa = PBXFileReference; lastKnownFileType = sourcecode.swift; path = EventsListView.swift; sourceTree = "<group>"; };
		F2C078E1273F144000A92A24 /* EventView.swift */ = {isa = PBXFileReference; lastKnownFileType = sourcecode.swift; path = EventView.swift; sourceTree = "<group>"; };
/* End PBXFileReference section */

/* Begin PBXFrameworksBuildPhase section */
		F23D0350273F025900F723D3 /* Frameworks */ = {
			isa = PBXFrameworksBuildPhase;
			buildActionMask = 2147483647;
			files = (
				F23D0358273F025900F723D3 /* SwiftUI.framework in Frameworks */,
				F23D0356273F025900F723D3 /* WidgetKit.framework in Frameworks */,
			);
			runOnlyForDeploymentPostprocessing = 0;
		};
		F2721CAD26C9A6440020B48C /* Frameworks */ = {
			isa = PBXFrameworksBuildPhase;
			buildActionMask = 2147483647;
			files = (
			);
			runOnlyForDeploymentPostprocessing = 0;
		};
		F2721CD026CA31E30020B48C /* Frameworks */ = {
			isa = PBXFrameworksBuildPhase;
			buildActionMask = 2147483647;
			files = (
				F29E39AC26D4364A001C8B40 /* ViewInspector in Frameworks */,
				F29E39B426D6A085001C8B40 /* ViewControllerModalRecorder in Frameworks */,
			);
			runOnlyForDeploymentPostprocessing = 0;
		};
/* End PBXFrameworksBuildPhase section */

/* Begin PBXGroup section */
		F23D0354273F025900F723D3 /* Frameworks */ = {
			isa = PBXGroup;
			children = (
				F23D0355273F025900F723D3 /* WidgetKit.framework */,
				F23D0357273F025900F723D3 /* SwiftUI.framework */,
			);
			name = Frameworks;
			sourceTree = "<group>";
		};
		F23D0359273F025900F723D3 /* fourtytwodaysextension */ = {
			isa = PBXGroup;
			children = (
				F23D035A273F025900F723D3 /* fourtytwodaysextension.swift */,
				F2C078DD273F13B400A92A24 /* EventsListView.swift */,
				F2C078E1273F144000A92A24 /* EventView.swift */,
				F23D035C273F025A00F723D3 /* Assets.xcassets */,
				F23D035E273F025A00F723D3 /* Info.plist */,
			);
			path = fourtytwodaysextension;
			sourceTree = "<group>";
		};
		F2721CA726C9A6440020B48C = {
			isa = PBXGroup;
			children = (
				F23D0367273F104600F723D3 /* fourtytwodays.entitlements */,
				F23D0366273F0FE000F723D3 /* fourtytwodaysextensionExtension.entitlements */,
				F2721CB226C9A6440020B48C /* DaysLeft */,
				F2721CD426CA31E30020B48C /* DaysLeftTests */,
				F23D0359273F025900F723D3 /* fourtytwodaysextension */,
				F23D0354273F025900F723D3 /* Frameworks */,
				F2721CB126C9A6440020B48C /* Products */,
			);
			sourceTree = "<group>";
		};
		F2721CB126C9A6440020B48C /* Products */ = {
			isa = PBXGroup;
			children = (
				F2721CB026C9A6440020B48C /* fourtytwodays.app */,
				F2721CD326CA31E30020B48C /* fourtytwodaysTests.xctest */,
				F23D0353273F025900F723D3 /* fourtytwodaysextensionExtension.appex */,
			);
			name = Products;
			sourceTree = "<group>";
		};
		F2721CB226C9A6440020B48C /* DaysLeft */ = {
			isa = PBXGroup;
			children = (
				F2721CB326C9A6440020B48C /* AppDelegate.swift */,
				F2721CB526C9A6440020B48C /* SceneDelegate.swift */,
				F29E39BA26D6A193001C8B40 /* Coordinator.swift */,
				F29E39B826D6A171001C8B40 /* EventsCoordinator.swift */,
				F2721CF326CD9CAC0020B48C /* EventsList */,
				F29E39AF26D43690001C8B40 /* EventInput */,
				F2721CC926C9A6740020B48C /* Data */,
				F2721CCE26C9A75D0020B48C /* Extensions */,
				F2721CBC26C9A6440020B48C /* Assets.xcassets */,
				F2721CBE26C9A6440020B48C /* LaunchScreen.storyboard */,
				F2721CC126C9A6440020B48C /* Info.plist */,
			);
			path = DaysLeft;
			sourceTree = "<group>";
		};
		F2721CC926C9A6740020B48C /* Data */ = {
			isa = PBXGroup;
			children = (
				F2721CC726C9A65B0020B48C /* Event.swift */,
				F2721CCA26C9A6970020B48C /* EventStore.swift */,
			);
			path = Data;
			sourceTree = "<group>";
		};
		F2721CCE26C9A75D0020B48C /* Extensions */ = {
			isa = PBXGroup;
			children = (
				F2721CCC26C9A7580020B48C /* FileManagerExtension.swift */,
				F23D034D273EABE800F723D3 /* UIViewExtension.swift */,
			);
			path = Extensions;
			sourceTree = "<group>";
		};
		F2721CD426CA31E30020B48C /* DaysLeftTests */ = {
			isa = PBXGroup;
			children = (
				F29E39B726D6A105001C8B40 /* Coordinator */,
				F2721CF026CD9C400020B48C /* EventsList */,
				F29E39A926D435E7001C8B40 /* EventInput */,
				F2721CED26CD693D0020B48C /* Data */,
				F2721CE326CAC1DE0020B48C /* Doubles */,
				F2721CD726CA31E30020B48C /* Info.plist */,
			);
			path = DaysLeftTests;
			sourceTree = "<group>";
		};
		F2721CE326CAC1DE0020B48C /* Doubles */ = {
			isa = PBXGroup;
			children = (
				F2721CF426CEA01F0020B48C /* EventStoreProtocolMock.swift */,
				F29E39B026D548F1001C8B40 /* EventInputViewDelegateMock.swift */,
				F29E39BC26D7ECCD001C8B40 /* EventsListViewControllerDelegateMock.swift */,
			);
			path = Doubles;
			sourceTree = "<group>";
		};
		F2721CED26CD693D0020B48C /* Data */ = {
			isa = PBXGroup;
			children = (
				F2721CDD26CA332C0020B48C /* EventStoreTests.swift */,
			);
			path = Data;
			sourceTree = "<group>";
		};
		F2721CF026CD9C400020B48C /* EventsList */ = {
			isa = PBXGroup;
			children = (
				F2721CEE26CD9C3A0020B48C /* EventsListViewControllerTests.swift */,
				F2721CF826CEB4DE0020B48C /* EventCellTests.swift */,
			);
			path = EventsList;
			sourceTree = "<group>";
		};
		F2721CF326CD9CAC0020B48C /* EventsList */ = {
			isa = PBXGroup;
			children = (
				F2721CF126CD9CA80020B48C /* EventsListViewController.swift */,
				F23D034B273EA8A500F723D3 /* EventsListView.swift */,
				F2721CF626CEA4380020B48C /* EventCell.swift */,
			);
			path = EventsList;
			sourceTree = "<group>";
		};
		F29E39A926D435E7001C8B40 /* EventInput */ = {
			isa = PBXGroup;
			children = (
				F29E39A726D435E0001C8B40 /* EventInputViewTests.swift */,
			);
			path = EventInput;
			sourceTree = "<group>";
		};
		F29E39AF26D43690001C8B40 /* EventInput */ = {
			isa = PBXGroup;
			children = (
				F29E39AD26D4368C001C8B40 /* EventInputView.swift */,
			);
			path = EventInput;
			sourceTree = "<group>";
		};
		F29E39B726D6A105001C8B40 /* Coordinator */ = {
			isa = PBXGroup;
			children = (
				F29E39B526D6A0FF001C8B40 /* EventsCoordinatorTests.swift */,
			);
			path = Coordinator;
			sourceTree = "<group>";
		};
/* End PBXGroup section */

/* Begin PBXNativeTarget section */
		F23D0352273F025900F723D3 /* fourtytwodaysextensionExtension */ = {
			isa = PBXNativeTarget;
			buildConfigurationList = F23D0362273F025A00F723D3 /* Build configuration list for PBXNativeTarget "fourtytwodaysextensionExtension" */;
			buildPhases = (
				F23D034F273F025900F723D3 /* Sources */,
				F23D0350273F025900F723D3 /* Frameworks */,
				F23D0351273F025900F723D3 /* Resources */,
			);
			buildRules = (
			);
			dependencies = (
			);
			name = fourtytwodaysextensionExtension;
			productName = fourtytwodaysextensionExtension;
			productReference = F23D0353273F025900F723D3 /* fourtytwodaysextensionExtension.appex */;
			productType = "com.apple.product-type.app-extension";
		};
		F2721CAF26C9A6440020B48C /* fourtytwodays */ = {
			isa = PBXNativeTarget;
			buildConfigurationList = F2721CC426C9A6440020B48C /* Build configuration list for PBXNativeTarget "fourtytwodays" */;
			buildPhases = (
				F2721CAC26C9A6440020B48C /* Sources */,
				F2721CAD26C9A6440020B48C /* Frameworks */,
				F2721CAE26C9A6440020B48C /* Resources */,
				F23D0365273F025A00F723D3 /* Embed App Extensions */,
			);
			buildRules = (
			);
			dependencies = (
				F23D0360273F025A00F723D3 /* PBXTargetDependency */,
			);
			name = fourtytwodays;
			productName = DaysLeft;
			productReference = F2721CB026C9A6440020B48C /* fourtytwodays.app */;
			productType = "com.apple.product-type.application";
		};
		F2721CD226CA31E30020B48C /* fourtytwodaysTests */ = {
			isa = PBXNativeTarget;
			buildConfigurationList = F2721CDA26CA31E30020B48C /* Build configuration list for PBXNativeTarget "fourtytwodaysTests" */;
			buildPhases = (
				F2721CCF26CA31E30020B48C /* Sources */,
				F2721CD026CA31E30020B48C /* Frameworks */,
				F2721CD126CA31E30020B48C /* Resources */,
			);
			buildRules = (
			);
			dependencies = (
				F2721CD926CA31E30020B48C /* PBXTargetDependency */,
			);
			name = fourtytwodaysTests;
			packageProductDependencies = (
				F29E39AB26D4364A001C8B40 /* ViewInspector */,
				F29E39B326D6A085001C8B40 /* ViewControllerModalRecorder */,
			);
			productName = DaysLeftTests;
			productReference = F2721CD326CA31E30020B48C /* fourtytwodaysTests.xctest */;
			productType = "com.apple.product-type.bundle.unit-test";
		};
/* End PBXNativeTarget section */

/* Begin PBXProject section */
		F2721CA826C9A6440020B48C /* Project object */ = {
			isa = PBXProject;
			attributes = {
				LastSwiftUpdateCheck = 1310;
				LastUpgradeCheck = 1250;
				ORGANIZATIONNAME = dasdom;
				TargetAttributes = {
					F23D0352273F025900F723D3 = {
						CreatedOnToolsVersion = 13.1;
					};
					F2721CAF26C9A6440020B48C = {
						CreatedOnToolsVersion = 12.5;
					};
					F2721CD226CA31E30020B48C = {
						CreatedOnToolsVersion = 12.5;
						LastSwiftMigration = 1250;
						TestTargetID = F2721CAF26C9A6440020B48C;
					};
				};
			};
			buildConfigurationList = F2721CAB26C9A6440020B48C /* Build configuration list for PBXProject "fourtytwodays" */;
			compatibilityVersion = "Xcode 9.3";
			developmentRegion = en;
			hasScannedForEncodings = 0;
			knownRegions = (
				en,
				Base,
			);
			mainGroup = F2721CA726C9A6440020B48C;
			packageReferences = (
				F29E39AA26D4364A001C8B40 /* XCRemoteSwiftPackageReference "ViewInspector" */,
				F29E39B226D6A085001C8B40 /* XCRemoteSwiftPackageReference "ViewControllerModalRecorder" */,
			);
			productRefGroup = F2721CB126C9A6440020B48C /* Products */;
			projectDirPath = "";
			projectRoot = "";
			targets = (
				F2721CAF26C9A6440020B48C /* fourtytwodays */,
				F2721CD226CA31E30020B48C /* fourtytwodaysTests */,
				F23D0352273F025900F723D3 /* fourtytwodaysextensionExtension */,
			);
		};
/* End PBXProject section */

/* Begin PBXResourcesBuildPhase section */
		F23D0351273F025900F723D3 /* Resources */ = {
			isa = PBXResourcesBuildPhase;
			buildActionMask = 2147483647;
			files = (
				F23D035D273F025A00F723D3 /* Assets.xcassets in Resources */,
			);
			runOnlyForDeploymentPostprocessing = 0;
		};
		F2721CAE26C9A6440020B48C /* Resources */ = {
			isa = PBXResourcesBuildPhase;
			buildActionMask = 2147483647;
			files = (
				F2721CC026C9A6440020B48C /* LaunchScreen.storyboard in Resources */,
				F2721CBD26C9A6440020B48C /* Assets.xcassets in Resources */,
			);
			runOnlyForDeploymentPostprocessing = 0;
		};
		F2721CD126CA31E30020B48C /* Resources */ = {
			isa = PBXResourcesBuildPhase;
			buildActionMask = 2147483647;
			files = (
			);
			runOnlyForDeploymentPostprocessing = 0;
		};
/* End PBXResourcesBuildPhase section */

/* Begin PBXSourcesBuildPhase section */
		F23D034F273F025900F723D3 /* Sources */ = {
			isa = PBXSourcesBuildPhase;
			buildActionMask = 2147483647;
			files = (
				F2C078E0273F13ED00A92A24 /* EventStore.swift in Sources */,
				F2C078DF273F13E700A92A24 /* Event.swift in Sources */,
				F23D035B273F025900F723D3 /* fourtytwodaysextension.swift in Sources */,
				F2C078E2273F144000A92A24 /* EventView.swift in Sources */,
				F2C078DE273F13B400A92A24 /* EventsListView.swift in Sources */,
				F2C078DC273F10FE00A92A24 /* FileManagerExtension.swift in Sources */,
			);
			runOnlyForDeploymentPostprocessing = 0;
		};
		F2721CAC26C9A6440020B48C /* Sources */ = {
			isa = PBXSourcesBuildPhase;
			buildActionMask = 2147483647;
			files = (
				F2721CCB26C9A6970020B48C /* EventStore.swift in Sources */,
				F2721CF726CEA4380020B48C /* EventCell.swift in Sources */,
				F29E39AE26D4368C001C8B40 /* EventInputView.swift in Sources */,
				F29E39B926D6A171001C8B40 /* EventsCoordinator.swift in Sources */,
				F2721CF226CD9CA80020B48C /* EventsListViewController.swift in Sources */,
				F2721CCD26C9A7580020B48C /* FileManagerExtension.swift in Sources */,
				F23D034E273EABE800F723D3 /* UIViewExtension.swift in Sources */,
				F2721CC826C9A65B0020B48C /* Event.swift in Sources */,
				F23D034C273EA8A500F723D3 /* EventsListView.swift in Sources */,
				F29E39BB26D6A193001C8B40 /* Coordinator.swift in Sources */,
				F2721CB426C9A6440020B48C /* AppDelegate.swift in Sources */,
				F2721CB626C9A6440020B48C /* SceneDelegate.swift in Sources */,
			);
			runOnlyForDeploymentPostprocessing = 0;
		};
		F2721CCF26CA31E30020B48C /* Sources */ = {
			isa = PBXSourcesBuildPhase;
			buildActionMask = 2147483647;
			files = (
				F29E39BD26D7ECCD001C8B40 /* EventsListViewControllerDelegateMock.swift in Sources */,
				F29E39A826D435E0001C8B40 /* EventInputViewTests.swift in Sources */,
				F2721CEF26CD9C3A0020B48C /* EventsListViewControllerTests.swift in Sources */,
				F2721CF926CEB4DE0020B48C /* EventCellTests.swift in Sources */,
				F29E39B626D6A0FF001C8B40 /* EventsCoordinatorTests.swift in Sources */,
				F2721CDE26CA332C0020B48C /* EventStoreTests.swift in Sources */,
				F29E39B126D548F1001C8B40 /* EventInputViewDelegateMock.swift in Sources */,
				F2721CF526CEA01F0020B48C /* EventStoreProtocolMock.swift in Sources */,
			);
			runOnlyForDeploymentPostprocessing = 0;
		};
/* End PBXSourcesBuildPhase section */

/* Begin PBXTargetDependency section */
		F23D0360273F025A00F723D3 /* PBXTargetDependency */ = {
			isa = PBXTargetDependency;
			target = F23D0352273F025900F723D3 /* fourtytwodaysextensionExtension */;
			targetProxy = F23D035F273F025A00F723D3 /* PBXContainerItemProxy */;
		};
		F2721CD926CA31E30020B48C /* PBXTargetDependency */ = {
			isa = PBXTargetDependency;
			target = F2721CAF26C9A6440020B48C /* fourtytwodays */;
			targetProxy = F2721CD826CA31E30020B48C /* PBXContainerItemProxy */;
		};
/* End PBXTargetDependency section */

/* Begin PBXVariantGroup section */
		F2721CBE26C9A6440020B48C /* LaunchScreen.storyboard */ = {
			isa = PBXVariantGroup;
			children = (
				F2721CBF26C9A6440020B48C /* Base */,
			);
			name = LaunchScreen.storyboard;
			sourceTree = "<group>";
		};
/* End PBXVariantGroup section */

/* Begin XCBuildConfiguration section */
		F23D0363273F025A00F723D3 /* Debug */ = {
			isa = XCBuildConfiguration;
			buildSettings = {
				ASSETCATALOG_COMPILER_GLOBAL_ACCENT_COLOR_NAME = AccentColor;
				ASSETCATALOG_COMPILER_WIDGET_BACKGROUND_COLOR_NAME = WidgetBackground;
				CLANG_CXX_LANGUAGE_STANDARD = "gnu++17";
				CODE_SIGN_ENTITLEMENTS = fourtytwodaysextensionExtension.entitlements;
				CODE_SIGN_STYLE = Automatic;
				CURRENT_PROJECT_VERSION = 1;
				DEVELOPMENT_TEAM = Q6PD97MRX4;
				GENERATE_INFOPLIST_FILE = YES;
				INFOPLIST_FILE = fourtytwodaysextension/Info.plist;
				INFOPLIST_KEY_CFBundleDisplayName = fourtytwodaysextension;
				INFOPLIST_KEY_NSHumanReadableCopyright = "Copyright © 2021 dasdom. All rights reserved.";
				IPHONEOS_DEPLOYMENT_TARGET = 15.0;
				LD_RUNPATH_SEARCH_PATHS = (
					"$(inherited)",
					"@executable_path/Frameworks",
					"@executable_path/../../Frameworks",
				);
				MARKETING_VERSION = 1.0;
				PRODUCT_BUNDLE_IDENTIFIER = de.dasdom.fourtytwodays.fourtytwodaysextension;
				PRODUCT_NAME = "$(TARGET_NAME)";
				SKIP_INSTALL = YES;
				SWIFT_EMIT_LOC_STRINGS = YES;
				SWIFT_VERSION = 5.0;
				TARGETED_DEVICE_FAMILY = "1,2";
			};
			name = Debug;
		};
		F23D0364273F025A00F723D3 /* Release */ = {
			isa = XCBuildConfiguration;
			buildSettings = {
				ASSETCATALOG_COMPILER_GLOBAL_ACCENT_COLOR_NAME = AccentColor;
				ASSETCATALOG_COMPILER_WIDGET_BACKGROUND_COLOR_NAME = WidgetBackground;
				CLANG_CXX_LANGUAGE_STANDARD = "gnu++17";
				CODE_SIGN_ENTITLEMENTS = fourtytwodaysextensionExtension.entitlements;
				CODE_SIGN_STYLE = Automatic;
				CURRENT_PROJECT_VERSION = 1;
				DEVELOPMENT_TEAM = Q6PD97MRX4;
				GENERATE_INFOPLIST_FILE = YES;
				INFOPLIST_FILE = fourtytwodaysextension/Info.plist;
				INFOPLIST_KEY_CFBundleDisplayName = fourtytwodaysextension;
				INFOPLIST_KEY_NSHumanReadableCopyright = "Copyright © 2021 dasdom. All rights reserved.";
				IPHONEOS_DEPLOYMENT_TARGET = 15.0;
				LD_RUNPATH_SEARCH_PATHS = (
					"$(inherited)",
					"@executable_path/Frameworks",
					"@executable_path/../../Frameworks",
				);
				MARKETING_VERSION = 1.0;
				PRODUCT_BUNDLE_IDENTIFIER = de.dasdom.fourtytwodays.fourtytwodaysextension;
				PRODUCT_NAME = "$(TARGET_NAME)";
				SKIP_INSTALL = YES;
				SWIFT_EMIT_LOC_STRINGS = YES;
				SWIFT_VERSION = 5.0;
				TARGETED_DEVICE_FAMILY = "1,2";
			};
			name = Release;
		};
		F2721CC226C9A6440020B48C /* Debug */ = {
			isa = XCBuildConfiguration;
			buildSettings = {
				ALWAYS_SEARCH_USER_PATHS = NO;
				CLANG_ANALYZER_NONNULL = YES;
				CLANG_ANALYZER_NUMBER_OBJECT_CONVERSION = YES_AGGRESSIVE;
				CLANG_CXX_LANGUAGE_STANDARD = "gnu++14";
				CLANG_CXX_LIBRARY = "libc++";
				CLANG_ENABLE_MODULES = YES;
				CLANG_ENABLE_OBJC_ARC = YES;
				CLANG_ENABLE_OBJC_WEAK = YES;
				CLANG_WARN_BLOCK_CAPTURE_AUTORELEASING = YES;
				CLANG_WARN_BOOL_CONVERSION = YES;
				CLANG_WARN_COMMA = YES;
				CLANG_WARN_CONSTANT_CONVERSION = YES;
				CLANG_WARN_DEPRECATED_OBJC_IMPLEMENTATIONS = YES;
				CLANG_WARN_DIRECT_OBJC_ISA_USAGE = YES_ERROR;
				CLANG_WARN_DOCUMENTATION_COMMENTS = YES;
				CLANG_WARN_EMPTY_BODY = YES;
				CLANG_WARN_ENUM_CONVERSION = YES;
				CLANG_WARN_INFINITE_RECURSION = YES;
				CLANG_WARN_INT_CONVERSION = YES;
				CLANG_WARN_NON_LITERAL_NULL_CONVERSION = YES;
				CLANG_WARN_OBJC_IMPLICIT_RETAIN_SELF = YES;
				CLANG_WARN_OBJC_LITERAL_CONVERSION = YES;
				CLANG_WARN_OBJC_ROOT_CLASS = YES_ERROR;
				CLANG_WARN_QUOTED_INCLUDE_IN_FRAMEWORK_HEADER = YES;
				CLANG_WARN_RANGE_LOOP_ANALYSIS = YES;
				CLANG_WARN_STRICT_PROTOTYPES = YES;
				CLANG_WARN_SUSPICIOUS_MOVE = YES;
				CLANG_WARN_UNGUARDED_AVAILABILITY = YES_AGGRESSIVE;
				CLANG_WARN_UNREACHABLE_CODE = YES;
				CLANG_WARN__DUPLICATE_METHOD_MATCH = YES;
				COPY_PHASE_STRIP = NO;
				DEBUG_INFORMATION_FORMAT = dwarf;
				ENABLE_STRICT_OBJC_MSGSEND = YES;
				ENABLE_TESTABILITY = YES;
				GCC_C_LANGUAGE_STANDARD = gnu11;
				GCC_DYNAMIC_NO_PIC = NO;
				GCC_NO_COMMON_BLOCKS = YES;
				GCC_OPTIMIZATION_LEVEL = 0;
				GCC_PREPROCESSOR_DEFINITIONS = (
					"DEBUG=1",
					"$(inherited)",
				);
				GCC_WARN_64_TO_32_BIT_CONVERSION = YES;
				GCC_WARN_ABOUT_RETURN_TYPE = YES_ERROR;
				GCC_WARN_UNDECLARED_SELECTOR = YES;
				GCC_WARN_UNINITIALIZED_AUTOS = YES_AGGRESSIVE;
				GCC_WARN_UNUSED_FUNCTION = YES;
				GCC_WARN_UNUSED_VARIABLE = YES;
				IPHONEOS_DEPLOYMENT_TARGET = 14.5;
				MTL_ENABLE_DEBUG_INFO = INCLUDE_SOURCE;
				MTL_FAST_MATH = YES;
				ONLY_ACTIVE_ARCH = YES;
				SDKROOT = iphoneos;
				SWIFT_ACTIVE_COMPILATION_CONDITIONS = DEBUG;
				SWIFT_OPTIMIZATION_LEVEL = "-Onone";
			};
			name = Debug;
		};
		F2721CC326C9A6440020B48C /* Release */ = {
			isa = XCBuildConfiguration;
			buildSettings = {
				ALWAYS_SEARCH_USER_PATHS = NO;
				CLANG_ANALYZER_NONNULL = YES;
				CLANG_ANALYZER_NUMBER_OBJECT_CONVERSION = YES_AGGRESSIVE;
				CLANG_CXX_LANGUAGE_STANDARD = "gnu++14";
				CLANG_CXX_LIBRARY = "libc++";
				CLANG_ENABLE_MODULES = YES;
				CLANG_ENABLE_OBJC_ARC = YES;
				CLANG_ENABLE_OBJC_WEAK = YES;
				CLANG_WARN_BLOCK_CAPTURE_AUTORELEASING = YES;
				CLANG_WARN_BOOL_CONVERSION = YES;
				CLANG_WARN_COMMA = YES;
				CLANG_WARN_CONSTANT_CONVERSION = YES;
				CLANG_WARN_DEPRECATED_OBJC_IMPLEMENTATIONS = YES;
				CLANG_WARN_DIRECT_OBJC_ISA_USAGE = YES_ERROR;
				CLANG_WARN_DOCUMENTATION_COMMENTS = YES;
				CLANG_WARN_EMPTY_BODY = YES;
				CLANG_WARN_ENUM_CONVERSION = YES;
				CLANG_WARN_INFINITE_RECURSION = YES;
				CLANG_WARN_INT_CONVERSION = YES;
				CLANG_WARN_NON_LITERAL_NULL_CONVERSION = YES;
				CLANG_WARN_OBJC_IMPLICIT_RETAIN_SELF = YES;
				CLANG_WARN_OBJC_LITERAL_CONVERSION = YES;
				CLANG_WARN_OBJC_ROOT_CLASS = YES_ERROR;
				CLANG_WARN_QUOTED_INCLUDE_IN_FRAMEWORK_HEADER = YES;
				CLANG_WARN_RANGE_LOOP_ANALYSIS = YES;
				CLANG_WARN_STRICT_PROTOTYPES = YES;
				CLANG_WARN_SUSPICIOUS_MOVE = YES;
				CLANG_WARN_UNGUARDED_AVAILABILITY = YES_AGGRESSIVE;
				CLANG_WARN_UNREACHABLE_CODE = YES;
				CLANG_WARN__DUPLICATE_METHOD_MATCH = YES;
				COPY_PHASE_STRIP = NO;
				DEBUG_INFORMATION_FORMAT = "dwarf-with-dsym";
				ENABLE_NS_ASSERTIONS = NO;
				ENABLE_STRICT_OBJC_MSGSEND = YES;
				GCC_C_LANGUAGE_STANDARD = gnu11;
				GCC_NO_COMMON_BLOCKS = YES;
				GCC_WARN_64_TO_32_BIT_CONVERSION = YES;
				GCC_WARN_ABOUT_RETURN_TYPE = YES_ERROR;
				GCC_WARN_UNDECLARED_SELECTOR = YES;
				GCC_WARN_UNINITIALIZED_AUTOS = YES_AGGRESSIVE;
				GCC_WARN_UNUSED_FUNCTION = YES;
				GCC_WARN_UNUSED_VARIABLE = YES;
				IPHONEOS_DEPLOYMENT_TARGET = 14.5;
				MTL_ENABLE_DEBUG_INFO = NO;
				MTL_FAST_MATH = YES;
				SDKROOT = iphoneos;
				SWIFT_COMPILATION_MODE = wholemodule;
				SWIFT_OPTIMIZATION_LEVEL = "-O";
				VALIDATE_PRODUCT = YES;
			};
			name = Release;
		};
		F2721CC526C9A6440020B48C /* Debug */ = {
			isa = XCBuildConfiguration;
			buildSettings = {
				ALWAYS_EMBED_SWIFT_STANDARD_LIBRARIES = YES;
				ASSETCATALOG_COMPILER_APPICON_NAME = AppIcon;
				ASSETCATALOG_COMPILER_GLOBAL_ACCENT_COLOR_NAME = AccentColor;
				CODE_SIGN_ENTITLEMENTS = fourtytwodays.entitlements;
				CODE_SIGN_STYLE = Automatic;
				DEVELOPMENT_TEAM = Q6PD97MRX4;
				INFOPLIST_FILE = DaysLeft/Info.plist;
				LD_RUNPATH_SEARCH_PATHS = (
					"$(inherited)",
					"@executable_path/Frameworks",
				);
				PRODUCT_BUNDLE_IDENTIFIER = de.dasdom.fourtytwodays;
				PRODUCT_NAME = "$(TARGET_NAME)";
				SWIFT_VERSION = 5.0;
				TARGETED_DEVICE_FAMILY = "1,2";
			};
			name = Debug;
		};
		F2721CC626C9A6440020B48C /* Release */ = {
			isa = XCBuildConfiguration;
			buildSettings = {
				ALWAYS_EMBED_SWIFT_STANDARD_LIBRARIES = YES;
				ASSETCATALOG_COMPILER_APPICON_NAME = AppIcon;
				ASSETCATALOG_COMPILER_GLOBAL_ACCENT_COLOR_NAME = AccentColor;
				CODE_SIGN_ENTITLEMENTS = fourtytwodays.entitlements;
				CODE_SIGN_STYLE = Automatic;
				DEVELOPMENT_TEAM = Q6PD97MRX4;
				INFOPLIST_FILE = DaysLeft/Info.plist;
				LD_RUNPATH_SEARCH_PATHS = (
					"$(inherited)",
					"@executable_path/Frameworks",
				);
				PRODUCT_BUNDLE_IDENTIFIER = de.dasdom.fourtytwodays;
				PRODUCT_NAME = "$(TARGET_NAME)";
				SWIFT_VERSION = 5.0;
				TARGETED_DEVICE_FAMILY = "1,2";
			};
			name = Release;
		};
		F2721CDB26CA31E30020B48C /* Debug */ = {
			isa = XCBuildConfiguration;
			buildSettings = {
				BUNDLE_LOADER = "$(TEST_HOST)";
				CLANG_ENABLE_MODULES = YES;
				CODE_SIGN_STYLE = Automatic;
				DEVELOPMENT_TEAM = Q6PD97MRX4;
				INFOPLIST_FILE = DaysLeftTests/Info.plist;
				LD_RUNPATH_SEARCH_PATHS = (
					"$(inherited)",
					"@executable_path/Frameworks",
					"@loader_path/Frameworks",
				);
				PRODUCT_BUNDLE_IDENTIFIER = de.dasdom.DaysLeftTests;
				PRODUCT_NAME = "$(TARGET_NAME)";
				SWIFT_OPTIMIZATION_LEVEL = "-Onone";
				SWIFT_VERSION = 5.0;
				TARGETED_DEVICE_FAMILY = "1,2";
				TEST_HOST = "$(BUILT_PRODUCTS_DIR)/fourtytwodays.app/fourtytwodays";
			};
			name = Debug;
		};
		F2721CDC26CA31E30020B48C /* Release */ = {
			isa = XCBuildConfiguration;
			buildSettings = {
				BUNDLE_LOADER = "$(TEST_HOST)";
				CLANG_ENABLE_MODULES = YES;
				CODE_SIGN_STYLE = Automatic;
				DEVELOPMENT_TEAM = Q6PD97MRX4;
				INFOPLIST_FILE = DaysLeftTests/Info.plist;
				LD_RUNPATH_SEARCH_PATHS = (
					"$(inherited)",
					"@executable_path/Frameworks",
					"@loader_path/Frameworks",
				);
				PRODUCT_BUNDLE_IDENTIFIER = de.dasdom.DaysLeftTests;
				PRODUCT_NAME = "$(TARGET_NAME)";
				SWIFT_VERSION = 5.0;
				TARGETED_DEVICE_FAMILY = "1,2";
				TEST_HOST = "$(BUILT_PRODUCTS_DIR)/fourtytwodays.app/fourtytwodays";
			};
			name = Release;
		};
/* End XCBuildConfiguration section */

/* Begin XCConfigurationList section */
		F23D0362273F025A00F723D3 /* Build configuration list for PBXNativeTarget "fourtytwodaysextensionExtension" */ = {
			isa = XCConfigurationList;
			buildConfigurations = (
				F23D0363273F025A00F723D3 /* Debug */,
				F23D0364273F025A00F723D3 /* Release */,
			);
			defaultConfigurationIsVisible = 0;
			defaultConfigurationName = Release;
		};
		F2721CAB26C9A6440020B48C /* Build configuration list for PBXProject "fourtytwodays" */ = {
			isa = XCConfigurationList;
			buildConfigurations = (
				F2721CC226C9A6440020B48C /* Debug */,
				F2721CC326C9A6440020B48C /* Release */,
			);
			defaultConfigurationIsVisible = 0;
			defaultConfigurationName = Release;
		};
		F2721CC426C9A6440020B48C /* Build configuration list for PBXNativeTarget "fourtytwodays" */ = {
			isa = XCConfigurationList;
			buildConfigurations = (
				F2721CC526C9A6440020B48C /* Debug */,
				F2721CC626C9A6440020B48C /* Release */,
			);
			defaultConfigurationIsVisible = 0;
			defaultConfigurationName = Release;
		};
		F2721CDA26CA31E30020B48C /* Build configuration list for PBXNativeTarget "fourtytwodaysTests" */ = {
			isa = XCConfigurationList;
			buildConfigurations = (
				F2721CDB26CA31E30020B48C /* Debug */,
				F2721CDC26CA31E30020B48C /* Release */,
			);
			defaultConfigurationIsVisible = 0;
			defaultConfigurationName = Release;
		};
/* End XCConfigurationList section */

/* Begin XCRemoteSwiftPackageReference section */
		F29E39AA26D4364A001C8B40 /* XCRemoteSwiftPackageReference "ViewInspector" */ = {
			isa = XCRemoteSwiftPackageReference;
			repositoryURL = "https://github.com/nalexn/ViewInspector.git";
			requirement = {
				kind = upToNextMajorVersion;
				minimumVersion = 0.8.1;
			};
		};
		F29E39B226D6A085001C8B40 /* XCRemoteSwiftPackageReference "ViewControllerModalRecorder" */ = {
			isa = XCRemoteSwiftPackageReference;
			repositoryURL = "https://github.com/dasdom/ViewControllerModalRecorder.git";
			requirement = {
				kind = upToNextMajorVersion;
				minimumVersion = 0.9.0;
			};
		};
/* End XCRemoteSwiftPackageReference section */

/* Begin XCSwiftPackageProductDependency section */
		F29E39AB26D4364A001C8B40 /* ViewInspector */ = {
			isa = XCSwiftPackageProductDependency;
			package = F29E39AA26D4364A001C8B40 /* XCRemoteSwiftPackageReference "ViewInspector" */;
			productName = ViewInspector;
		};
		F29E39B326D6A085001C8B40 /* ViewControllerModalRecorder */ = {
			isa = XCSwiftPackageProductDependency;
			package = F29E39B226D6A085001C8B40 /* XCRemoteSwiftPackageReference "ViewControllerModalRecorder" */;
			productName = ViewControllerModalRecorder;
		};
/* End XCSwiftPackageProductDependency section */
	};
	rootObject = F2721CA826C9A6440020B48C /* Project object */;
}
